
Microsoft Visual Studio Solution File, Format Version 12.00
# Visual Studio Version 16
VisualStudioVersion = 16.0.29806.167
MinimumVisualStudioVersion = 10.0.40219.1
Project("{FAE04EC0-301F-11D3-BF4B-00C04F79EFBC}") = "JobManagement", "JobManagement\JobManagement.csproj", "{4D266A43-8366-4987-B4D0-6F894BB3518A}"
	ProjectSection(ProjectDependencies) = postProject
		{54D9EFA8-9A51-4300-B5C4-B26DB6DD9C85} = {54D9EFA8-9A51-4300-B5C4-B26DB6DD9C85}
	EndProjectSection
EndProject
Project("{FAE04EC0-301F-11D3-BF4B-00C04F79EFBC}") = "BusinessLogic", "BusinessLogic\BusinessLogic.csproj", "{54D9EFA8-9A51-4300-B5C4-B26DB6DD9C85}"
EndProject
Global
	GlobalSection(SolutionConfigurationPlatforms) = preSolution
		Debug|Any CPU = Debug|Any CPU
		Release|Any CPU = Release|Any CPU
	EndGlobalSection
	GlobalSection(ProjectConfigurationPlatforms) = postSolution
		{4D266A43-8366-4987-B4D0-6F894BB3518A}.Debug|Any CPU.ActiveCfg = Debug|Any CPU
		{4D266A43-8366-4987-B4D0-6F894BB3518A}.Debug|Any CPU.Build.0 = Debug|Any CPU
		{4D266A43-8366-4987-B4D0-6F894BB3518A}.Release|Any CPU.ActiveCfg = Release|Any CPU
		{4D266A43-8366-4987-B4D0-6F894BB3518A}.Release|Any CPU.Build.0 = Release|Any CPU
		{54D9EFA8-9A51-4300-B5C4-B26DB6DD9C85}.Debug|Any CPU.ActiveCfg = Debug|Any CPU
		{54D9EFA8-9A51-4300-B5C4-B26DB6DD9C85}.Debug|Any CPU.Build.0 = Debug|Any CPU
		{54D9EFA8-9A51-4300-B5C4-B26DB6DD9C85}.Release|Any CPU.ActiveCfg = Release|Any CPU
		{54D9EFA8-9A51-4300-B5C4-B26DB6DD9C85}.Release|Any CPU.Build.0 = Release|Any CPU
	EndGlobalSection
	GlobalSection(SolutionProperties) = preSolution
		HideSolutionNode = FALSE
	EndGlobalSection
	GlobalSection(ExtensibilityGlobals) = postSolution
		SolutionGuid = {E47664EB-2718-41C5-BBC5-01AD53F895F4}
	EndGlobalSection
EndGlobal
